
Microsoft Visual Studio Solution File, Format Version 12.00
# Visual Studio Version 16
VisualStudioVersion = 16.0.30503.244
MinimumVisualStudioVersion = 10.0.40219.1
Project("{FAE04EC0-301F-11D3-BF4B-00C04F79EFBC}") = "ExercicioListas", "ExercicioListas\ExercicioListas.csproj", "{20DEFF00-6233-4C98-8E0D-3FE125C76155}"
EndProject
Global
	GlobalSection(SolutionConfigurationPlatforms) = preSolution
		Debug|Any CPU = Debug|Any CPU
		Release|Any CPU = Release|Any CPU
	EndGlobalSection
	GlobalSection(ProjectConfigurationPlatforms) = postSolution
		{20DEFF00-6233-4C98-8E0D-3FE125C76155}.Debug|Any CPU.ActiveCfg = Debug|Any CPU
		{20DEFF00-6233-4C98-8E0D-3FE125C76155}.Debug|Any CPU.Build.0 = Debug|Any CPU
		{20DEFF00-6233-4C98-8E0D-3FE125C76155}.Release|Any CPU.ActiveCfg = Release|Any CPU
		{20DEFF00-6233-4C98-8E0D-3FE125C76155}.Release|Any CPU.Build.0 = Release|Any CPU
	EndGlobalSection
	GlobalSection(SolutionProperties) = preSolution
		HideSolutionNode = FALSE
	EndGlobalSection
	GlobalSection(ExtensibilityGlobals) = postSolution
		SolutionGuid = {5CE11064-9C1D-4016-8407-F76DA6AB36F0}
	EndGlobalSection
EndGlobal
